
Microsoft Visual Studio Solution File, Format Version 12.00
# Visual Studio Version 16
VisualStudioVersion = 16.0.32228.343
MinimumVisualStudioVersion = 10.0.40219.1
Project("{FAE04EC0-301F-11D3-BF4B-00C04F79EFBC}") = "Task1", "Task1\Task1.csproj", "{CB239424-058D-4286-9983-C0EFB5D498D1}"
EndProject
Project("{FAE04EC0-301F-11D3-BF4B-00C04F79EFBC}") = "Task2", "Task2\Task2.csproj", "{702403FE-4D50-4ED5-8015-2C231E4F29BC}"
EndProject
Global
	GlobalSection(SolutionConfigurationPlatforms) = preSolution
		Debug|Any CPU = Debug|Any CPU
		Release|Any CPU = Release|Any CPU
	EndGlobalSection
	GlobalSection(ProjectConfigurationPlatforms) = postSolution
		{CB239424-058D-4286-9983-C0EFB5D498D1}.Debug|Any CPU.ActiveCfg = Debug|Any CPU
		{CB239424-058D-4286-9983-C0EFB5D498D1}.Debug|Any CPU.Build.0 = Debug|Any CPU
		{CB239424-058D-4286-9983-C0EFB5D498D1}.Release|Any CPU.ActiveCfg = Release|Any CPU
		{CB239424-058D-4286-9983-C0EFB5D498D1}.Release|Any CPU.Build.0 = Release|Any CPU
		{702403FE-4D50-4ED5-8015-2C231E4F29BC}.Debug|Any CPU.ActiveCfg = Debug|Any CPU
		{702403FE-4D50-4ED5-8015-2C231E4F29BC}.Debug|Any CPU.Build.0 = Debug|Any CPU
		{702403FE-4D50-4ED5-8015-2C231E4F29BC}.Release|Any CPU.ActiveCfg = Release|Any CPU
		{702403FE-4D50-4ED5-8015-2C231E4F29BC}.Release|Any CPU.Build.0 = Release|Any CPU
	EndGlobalSection
	GlobalSection(SolutionProperties) = preSolution
		HideSolutionNode = FALSE
	EndGlobalSection
	GlobalSection(ExtensibilityGlobals) = postSolution
		SolutionGuid = {F873E811-5859-454F-B9C0-4D0AB2A55687}
	EndGlobalSection
EndGlobal
